Microsoft Visual Studio Solution File, Format Version 12.00
# Visual Studio 15
VisualStudioVersion = 15.0.26430.16
MinimumVisualStudioVersion = 10.0.40219.1
Project("{8BC9CEB8-8B4A-11D0-8D11-00A0C91BC942}") = "glew_shared", "..\Libs\glew\build\vc12\glew_shared.vcxproj", "{55AE3D72-7DE6-F19F-AEF2-9AE8CA26CF3D}"
EndProject
Project("{8BC9CEB8-8B4A-11D0-8D11-00A0C91BC942}") = "CopyLibs", "..\CopyLibs\CopyLibs.vcxproj", "{7078A796-5528-4780-B71B-ABDD0955339A}"
	ProjectSection(ProjectDependencies) = postProject
		{55AE3D72-7DE6-F19F-AEF2-9AE8CA26CF3D} = {55AE3D72-7DE6-F19F-AEF2-9AE8CA26CF3D}
	EndProjectSection
EndProject
Project("{8BC9CEB8-8B4A-11D0-8D11-00A0C91BC942}") = "MiddlePointChido", "MIddlePointChido\PutPixel2.vcxproj", "{FCD80E19-3144-41E7-B4DB-61DB1AA9D185}"
EndProject
Project("{8BC9CEB8-8B4A-11D0-8D11-00A0C91BC942}") = "MidpointLine", "MidpointLine\MidpointLine.vcxproj", "{3E799E09-924C-4AA1-94F7-FFB72BA95433}"
EndProject
Project("{8BC9CEB8-8B4A-11D0-8D11-00A0C91BC942}") = "PutPixel", "PutPixel\PutPixel.vcxproj", "{0D29535B-C852-4B05-9598-E4E9BF5E230D}"
EndProject
Project("{8BC9CEB8-8B4A-11D0-8D11-00A0C91BC942}") = "Circle", "Circle\Circle.vcxproj", "{D6D938C5-D6E0-42E8-A773-728D3C341AED}"
EndProject
Project("{8BC9CEB8-8B4A-11D0-8D11-00A0C91BC942}") = "Poligonos", "Poligonos\Poligonos.vcxproj", "{B7C3A702-1683-4132-9981-3177573F358C}"
EndProject
Project("{8BC9CEB8-8B4A-11D0-8D11-00A0C91BC942}") = "Figuras", "Figuras\Figuras.vcxproj", "{048C9E18-E3A5-4063-9730-DDCE3489C5FE}"
EndProject
Project("{8BC9CEB8-8B4A-11D0-8D11-00A0C91BC942}") = "Sierpinsky", "Sierpinsky\Sierpinsky.vcxproj", "{E468F548-9F0A-4F57-847F-769A0CDFDE3B}"
EndProject
Project("{8BC9CEB8-8B4A-11D0-8D11-00A0C91BC942}") = "Matrices", "Matrices\Matrices.vcxproj", "{03CDBE65-32CC-4CFD-9229-98BBB7C7B9F4}"
EndProject
Project("{8BC9CEB8-8B4A-11D0-8D11-00A0C91BC942}") = "Matrices2", "Matrices2\Matrices2.vcxproj", "{27B698F7-2A58-427D-94D9-4759E059409E}"
EndProject
Global
	GlobalSection(SolutionConfigurationPlatforms) = preSolution
		Debug MX|Win32 = Debug MX|Win32
		Debug MX|x64 = Debug MX|x64
		Debug MX|x86 = Debug MX|x86
		Debug|Win32 = Debug|Win32
		Debug|x64 = Debug|x64
		Debug|x86 = Debug|x86
		MinSizeRel|Win32 = MinSizeRel|Win32
		MinSizeRel|x64 = MinSizeRel|x64
		MinSizeRel|x86 = MinSizeRel|x86
		Release MX|Win32 = Release MX|Win32
		Release MX|x64 = Release MX|x64
		Release MX|x86 = Release MX|x86
		Release|Win32 = Release|Win32
		Release|x64 = Release|x64
		Release|x86 = Release|x86
		RelWithDebInfo|Win32 = RelWithDebInfo|Win32
		RelWithDebInfo|x64 = RelWithDebInfo|x64
		RelWithDebInfo|x86 = RelWithDebInfo|x86
	EndGlobalSection
	GlobalSection(ProjectConfigurationPlatforms) = postSolution
		{55AE3D72-7DE6-F19F-AEF2-9AE8CA26CF3D}.Debug MX|Win32.ActiveCfg = Debug MX|Win32
		{55AE3D72-7DE6-F19F-AEF2-9AE8CA26CF3D}.Debug MX|Win32.Build.0 = Debug MX|Win32
		{55AE3D72-7DE6-F19F-AEF2-9AE8CA26CF3D}.Debug MX|x64.ActiveCfg = Debug MX|x64
		{55AE3D72-7DE6-F19F-AEF2-9AE8CA26CF3D}.Debug MX|x64.Build.0 = Debug MX|x64
		{55AE3D72-7DE6-F19F-AEF2-9AE8CA26CF3D}.Debug MX|x86.ActiveCfg = Debug MX|Win32
		{55AE3D72-7DE6-F19F-AEF2-9AE8CA26CF3D}.Debug MX|x86.Build.0 = Debug MX|Win32
		{55AE3D72-7DE6-F19F-AEF2-9AE8CA26CF3D}.Debug|Win32.ActiveCfg = Debug|Win32
		{55AE3D72-7DE6-F19F-AEF2-9AE8CA26CF3D}.Debug|Win32.Build.0 = Debug|Win32
		{55AE3D72-7DE6-F19F-AEF2-9AE8CA26CF3D}.Debug|x64.ActiveCfg = Debug|x64
		{55AE3D72-7DE6-F19F-AEF2-9AE8CA26CF3D}.Debug|x64.Build.0 = Debug|x64
		{55AE3D72-7DE6-F19F-AEF2-9AE8CA26CF3D}.Debug|x86.ActiveCfg = Debug|Win32
		{55AE3D72-7DE6-F19F-AEF2-9AE8CA26CF3D}.Debug|x86.Build.0 = Debug|Win32
		{55AE3D72-7DE6-F19F-AEF2-9AE8CA26CF3D}.MinSizeRel|Win32.ActiveCfg = Release|Win32
		{55AE3D72-7DE6-F19F-AEF2-9AE8CA26CF3D}.MinSizeRel|Win32.Build.0 = Release|Win32
		{55AE3D72-7DE6-F19F-AEF2-9AE8CA26CF3D}.MinSizeRel|x64.ActiveCfg = Release|x64
		{55AE3D72-7DE6-F19F-AEF2-9AE8CA26CF3D}.MinSizeRel|x64.Build.0 = Release|x64
		{55AE3D72-7DE6-F19F-AEF2-9AE8CA26CF3D}.MinSizeRel|x86.ActiveCfg = Release|Win32
		{55AE3D72-7DE6-F19F-AEF2-9AE8CA26CF3D}.MinSizeRel|x86.Build.0 = Release|Win32
		{55AE3D72-7DE6-F19F-AEF2-9AE8CA26CF3D}.Release MX|Win32.ActiveCfg = Release MX|Win32
		{55AE3D72-7DE6-F19F-AEF2-9AE8CA26CF3D}.Release MX|Win32.Build.0 = Release MX|Win32
		{55AE3D72-7DE6-F19F-AEF2-9AE8CA26CF3D}.Release MX|x64.ActiveCfg = Release MX|x64
		{55AE3D72-7DE6-F19F-AEF2-9AE8CA26CF3D}.Release MX|x64.Build.0 = Release MX|x64
		{55AE3D72-7DE6-F19F-AEF2-9AE8CA26CF3D}.Release MX|x86.ActiveCfg = Release MX|Win32
		{55AE3D72-7DE6-F19F-AEF2-9AE8CA26CF3D}.Release MX|x86.Build.0 = Release MX|Win32
		{55AE3D72-7DE6-F19F-AEF2-9AE8CA26CF3D}.Release|Win32.ActiveCfg = Release|Win32
		{55AE3D72-7DE6-F19F-AEF2-9AE8CA26CF3D}.Release|Win32.Build.0 = Release|Win32
		{55AE3D72-7DE6-F19F-AEF2-9AE8CA26CF3D}.Release|x64.ActiveCfg = Release|x64
		{55AE3D72-7DE6-F19F-AEF2-9AE8CA26CF3D}.Release|x64.Build.0 = Release|x64
		{55AE3D72-7DE6-F19F-AEF2-9AE8CA26CF3D}.Release|x86.ActiveCfg = Release|Win32
		{55AE3D72-7DE6-F19F-AEF2-9AE8CA26CF3D}.Release|x86.Build.0 = Release|Win32
		{55AE3D72-7DE6-F19F-AEF2-9AE8CA26CF3D}.RelWithDebInfo|Win32.ActiveCfg = Release|Win32
		{55AE3D72-7DE6-F19F-AEF2-9AE8CA26CF3D}.RelWithDebInfo|Win32.Build.0 = Release|Win32
		{55AE3D72-7DE6-F19F-AEF2-9AE8CA26CF3D}.RelWithDebInfo|x64.ActiveCfg = Release|x64
		{55AE3D72-7DE6-F19F-AEF2-9AE8CA26CF3D}.RelWithDebInfo|x64.Build.0 = Release|x64
		{55AE3D72-7DE6-F19F-AEF2-9AE8CA26CF3D}.RelWithDebInfo|x86.ActiveCfg = Release|Win32
		{55AE3D72-7DE6-F19F-AEF2-9AE8CA26CF3D}.RelWithDebInfo|x86.Build.0 = Release|Win32
		{7078A796-5528-4780-B71B-ABDD0955339A}.Debug MX|Win32.ActiveCfg = Debug|Win32
		{7078A796-5528-4780-B71B-ABDD0955339A}.Debug MX|Win32.Build.0 = Debug|Win32
		{7078A796-5528-4780-B71B-ABDD0955339A}.Debug MX|x64.ActiveCfg = Debug|x64
		{7078A796-5528-4780-B71B-ABDD0955339A}.Debug MX|x64.Build.0 = Debug|x64
		{7078A796-5528-4780-B71B-ABDD0955339A}.Debug MX|x86.ActiveCfg = Debug|Win32
		{7078A796-5528-4780-B71B-ABDD0955339A}.Debug MX|x86.Build.0 = Debug|Win32
		{7078A796-5528-4780-B71B-ABDD0955339A}.Debug|Win32.ActiveCfg = Debug|Win32
		{7078A796-5528-4780-B71B-ABDD0955339A}.Debug|Win32.Build.0 = Debug|Win32
		{7078A796-5528-4780-B71B-ABDD0955339A}.Debug|x64.ActiveCfg = Debug|x64
		{7078A796-5528-4780-B71B-ABDD0955339A}.Debug|x64.Build.0 = Debug|x64
		{7078A796-5528-4780-B71B-ABDD0955339A}.Debug|x86.ActiveCfg = Debug|Win32
		{7078A796-5528-4780-B71B-ABDD0955339A}.Debug|x86.Build.0 = Debug|Win32
		{7078A796-5528-4780-B71B-ABDD0955339A}.MinSizeRel|Win32.ActiveCfg = Release|Win32
		{7078A796-5528-4780-B71B-ABDD0955339A}.MinSizeRel|Win32.Build.0 = Release|Win32
		{7078A796-5528-4780-B71B-ABDD0955339A}.MinSizeRel|x64.ActiveCfg = Release|x64
		{7078A796-5528-4780-B71B-ABDD0955339A}.MinSizeRel|x64.Build.0 = Release|x64
		{7078A796-5528-4780-B71B-ABDD0955339A}.MinSizeRel|x86.ActiveCfg = Release|Win32
		{7078A796-5528-4780-B71B-ABDD0955339A}.MinSizeRel|x86.Build.0 = Release|Win32
		{7078A796-5528-4780-B71B-ABDD0955339A}.Release MX|Win32.ActiveCfg = Release|Win32
		{7078A796-5528-4780-B71B-ABDD0955339A}.Release MX|Win32.Build.0 = Release|Win32
		{7078A796-5528-4780-B71B-ABDD0955339A}.Release MX|x64.ActiveCfg = Release|x64
		{7078A796-5528-4780-B71B-ABDD0955339A}.Release MX|x64.Build.0 = Release|x64
		{7078A796-5528-4780-B71B-ABDD0955339A}.Release MX|x86.ActiveCfg = Release|Win32
		{7078A796-5528-4780-B71B-ABDD0955339A}.Release MX|x86.Build.0 = Release|Win32
		{7078A796-5528-4780-B71B-ABDD0955339A}.Release|Win32.ActiveCfg = Release|Win32
		{7078A796-5528-4780-B71B-ABDD0955339A}.Release|Win32.Build.0 = Release|Win32
		{7078A796-5528-4780-B71B-ABDD0955339A}.Release|x64.ActiveCfg = Release|x64
		{7078A796-5528-4780-B71B-ABDD0955339A}.Release|x64.Build.0 = Release|x64
		{7078A796-5528-4780-B71B-ABDD0955339A}.Release|x86.ActiveCfg = Release|Win32
		{7078A796-5528-4780-B71B-ABDD0955339A}.Release|x86.Build.0 = Release|Win32
		{7078A796-5528-4780-B71B-ABDD0955339A}.RelWithDebInfo|Win32.ActiveCfg = Release|Win32
		{7078A796-5528-4780-B71B-ABDD0955339A}.RelWithDebInfo|Win32.Build.0 = Release|Win32
		{7078A796-5528-4780-B71B-ABDD0955339A}.RelWithDebInfo|x64.ActiveCfg = Release|x64
		{7078A796-5528-4780-B71B-ABDD0955339A}.RelWithDebInfo|x64.Build.0 = Release|x64
		{7078A796-5528-4780-B71B-ABDD0955339A}.RelWithDebInfo|x86.ActiveCfg = Release|Win32
		{7078A796-5528-4780-B71B-ABDD0955339A}.RelWithDebInfo|x86.Build.0 = Release|Win32
		{FCD80E19-3144-41E7-B4DB-61DB1AA9D185}.Debug MX|Win32.ActiveCfg = Debug|Win32
		{FCD80E19-3144-41E7-B4DB-61DB1AA9D185}.Debug MX|Win32.Build.0 = Debug|Win32
		{FCD80E19-3144-41E7-B4DB-61DB1AA9D185}.Debug MX|x64.ActiveCfg = Debug|x64
		{FCD80E19-3144-41E7-B4DB-61DB1AA9D185}.Debug MX|x64.Build.0 = Debug|x64
		{FCD80E19-3144-41E7-B4DB-61DB1AA9D185}.Debug MX|x86.ActiveCfg = Debug|Win32
		{FCD80E19-3144-41E7-B4DB-61DB1AA9D185}.Debug MX|x86.Build.0 = Debug|Win32
		{FCD80E19-3144-41E7-B4DB-61DB1AA9D185}.Debug|Win32.ActiveCfg = Debug|Win32
		{FCD80E19-3144-41E7-B4DB-61DB1AA9D185}.Debug|Win32.Build.0 = Debug|Win32
		{FCD80E19-3144-41E7-B4DB-61DB1AA9D185}.Debug|x64.ActiveCfg = Debug|x64
		{FCD80E19-3144-41E7-B4DB-61DB1AA9D185}.Debug|x64.Build.0 = Debug|x64
		{FCD80E19-3144-41E7-B4DB-61DB1AA9D185}.Debug|x86.ActiveCfg = Debug|Win32
		{FCD80E19-3144-41E7-B4DB-61DB1AA9D185}.Debug|x86.Build.0 = Debug|Win32
		{FCD80E19-3144-41E7-B4DB-61DB1AA9D185}.MinSizeRel|Win32.ActiveCfg = Release|Win32
		{FCD80E19-3144-41E7-B4DB-61DB1AA9D185}.MinSizeRel|Win32.Build.0 = Release|Win32
		{FCD80E19-3144-41E7-B4DB-61DB1AA9D185}.MinSizeRel|x64.ActiveCfg = Release|x64
		{FCD80E19-3144-41E7-B4DB-61DB1AA9D185}.MinSizeRel|x64.Build.0 = Release|x64
		{FCD80E19-3144-41E7-B4DB-61DB1AA9D185}.MinSizeRel|x86.ActiveCfg = Release|Win32
		{FCD80E19-3144-41E7-B4DB-61DB1AA9D185}.MinSizeRel|x86.Build.0 = Release|Win32
		{FCD80E19-3144-41E7-B4DB-61DB1AA9D185}.Release MX|Win32.ActiveCfg = Release|Win32
		{FCD80E19-3144-41E7-B4DB-61DB1AA9D185}.Release MX|Win32.Build.0 = Release|Win32
		{FCD80E19-3144-41E7-B4DB-61DB1AA9D185}.Release MX|x64.ActiveCfg = Release|x64
		{FCD80E19-3144-41E7-B4DB-61DB1AA9D185}.Release MX|x64.Build.0 = Release|x64
		{FCD80E19-3144-41E7-B4DB-61DB1AA9D185}.Release MX|x86.ActiveCfg = Release|Win32
		{FCD80E19-3144-41E7-B4DB-61DB1AA9D185}.Release MX|x86.Build.0 = Release|Win32
		{FCD80E19-3144-41E7-B4DB-61DB1AA9D185}.Release|Win32.ActiveCfg = Release|Win32
		{FCD80E19-3144-41E7-B4DB-61DB1AA9D185}.Release|Win32.Build.0 = Release|Win32
		{FCD80E19-3144-41E7-B4DB-61DB1AA9D185}.Release|x64.ActiveCfg = Release|x64
		{FCD80E19-3144-41E7-B4DB-61DB1AA9D185}.Release|x64.Build.0 = Release|x64
		{FCD80E19-3144-41E7-B4DB-61DB1AA9D185}.Release|x86.ActiveCfg = Release|Win32
		{FCD80E19-3144-41E7-B4DB-61DB1AA9D185}.Release|x86.Build.0 = Release|Win32
		{FCD80E19-3144-41E7-B4DB-61DB1AA9D185}.RelWithDebInfo|Win32.ActiveCfg = Release|Win32
		{FCD80E19-3144-41E7-B4DB-61DB1AA9D185}.RelWithDebInfo|Win32.Build.0 = Release|Win32
		{FCD80E19-3144-41E7-B4DB-61DB1AA9D185}.RelWithDebInfo|x64.ActiveCfg = Release|x64
		{FCD80E19-3144-41E7-B4DB-61DB1AA9D185}.RelWithDebInfo|x64.Build.0 = Release|x64
		{FCD80E19-3144-41E7-B4DB-61DB1AA9D185}.RelWithDebInfo|x86.ActiveCfg = Release|Win32
		{FCD80E19-3144-41E7-B4DB-61DB1AA9D185}.RelWithDebInfo|x86.Build.0 = Release|Win32
		{3E799E09-924C-4AA1-94F7-FFB72BA95433}.Debug MX|Win32.ActiveCfg = Debug|Win32
		{3E799E09-924C-4AA1-94F7-FFB72BA95433}.Debug MX|Win32.Build.0 = Debug|Win32
		{3E799E09-924C-4AA1-94F7-FFB72BA95433}.Debug MX|x64.ActiveCfg = Debug|x64
		{3E799E09-924C-4AA1-94F7-FFB72BA95433}.Debug MX|x64.Build.0 = Debug|x64
		{3E799E09-924C-4AA1-94F7-FFB72BA95433}.Debug MX|x86.ActiveCfg = Debug|Win32
		{3E799E09-924C-4AA1-94F7-FFB72BA95433}.Debug MX|x86.Build.0 = Debug|Win32
		{3E799E09-924C-4AA1-94F7-FFB72BA95433}.Debug|Win32.ActiveCfg = Debug|Win32
		{3E799E09-924C-4AA1-94F7-FFB72BA95433}.Debug|Win32.Build.0 = Debug|Win32
		{3E799E09-924C-4AA1-94F7-FFB72BA95433}.Debug|x64.ActiveCfg = Debug|x64
		{3E799E09-924C-4AA1-94F7-FFB72BA95433}.Debug|x64.Build.0 = Debug|x64
		{3E799E09-924C-4AA1-94F7-FFB72BA95433}.Debug|x86.ActiveCfg = Debug|Win32
		{3E799E09-924C-4AA1-94F7-FFB72BA95433}.Debug|x86.Build.0 = Debug|Win32
		{3E799E09-924C-4AA1-94F7-FFB72BA95433}.MinSizeRel|Win32.ActiveCfg = Release|Win32
		{3E799E09-924C-4AA1-94F7-FFB72BA95433}.MinSizeRel|Win32.Build.0 = Release|Win32
		{3E799E09-924C-4AA1-94F7-FFB72BA95433}.MinSizeRel|x64.ActiveCfg = Release|x64
		{3E799E09-924C-4AA1-94F7-FFB72BA95433}.MinSizeRel|x64.Build.0 = Release|x64
		{3E799E09-924C-4AA1-94F7-FFB72BA95433}.MinSizeRel|x86.ActiveCfg = Release|Win32
		{3E799E09-924C-4AA1-94F7-FFB72BA95433}.MinSizeRel|x86.Build.0 = Release|Win32
		{3E799E09-924C-4AA1-94F7-FFB72BA95433}.Release MX|Win32.ActiveCfg = Release|Win32
		{3E799E09-924C-4AA1-94F7-FFB72BA95433}.Release MX|Win32.Build.0 = Release|Win32
		{3E799E09-924C-4AA1-94F7-FFB72BA95433}.Release MX|x64.ActiveCfg = Release|x64
		{3E799E09-924C-4AA1-94F7-FFB72BA95433}.Release MX|x64.Build.0 = Release|x64
		{3E799E09-924C-4AA1-94F7-FFB72BA95433}.Release MX|x86.ActiveCfg = Release|Win32
		{3E799E09-924C-4AA1-94F7-FFB72BA95433}.Release MX|x86.Build.0 = Release|Win32
		{3E799E09-924C-4AA1-94F7-FFB72BA95433}.Release|Win32.ActiveCfg = Release|Win32
		{3E799E09-924C-4AA1-94F7-FFB72BA95433}.Release|Win32.Build.0 = Release|Win32
		{3E799E09-924C-4AA1-94F7-FFB72BA95433}.Release|x64.ActiveCfg = Release|x64
		{3E799E09-924C-4AA1-94F7-FFB72BA95433}.Release|x64.Build.0 = Release|x64
		{3E799E09-924C-4AA1-94F7-FFB72BA95433}.Release|x86.ActiveCfg = Release|Win32
		{3E799E09-924C-4AA1-94F7-FFB72BA95433}.Release|x86.Build.0 = Release|Win32
		{3E799E09-924C-4AA1-94F7-FFB72BA95433}.RelWithDebInfo|Win32.ActiveCfg = Release|Win32
		{3E799E09-924C-4AA1-94F7-FFB72BA95433}.RelWithDebInfo|Win32.Build.0 = Release|Win32
		{3E799E09-924C-4AA1-94F7-FFB72BA95433}.RelWithDebInfo|x64.ActiveCfg = Release|x64
		{3E799E09-924C-4AA1-94F7-FFB72BA95433}.RelWithDebInfo|x64.Build.0 = Release|x64
		{3E799E09-924C-4AA1-94F7-FFB72BA95433}.RelWithDebInfo|x86.ActiveCfg = Release|Win32
		{3E799E09-924C-4AA1-94F7-FFB72BA95433}.RelWithDebInfo|x86.Build.0 = Release|Win32
		{0D29535B-C852-4B05-9598-E4E9BF5E230D}.Debug MX|Win32.ActiveCfg = Debug|Win32
		{0D29535B-C852-4B05-9598-E4E9BF5E230D}.Debug MX|Win32.Build.0 = Debug|Win32
		{0D29535B-C852-4B05-9598-E4E9BF5E230D}.Debug MX|Win32.Deploy.0 = Debug|Win32
		{0D29535B-C852-4B05-9598-E4E9BF5E230D}.Debug MX|x64.ActiveCfg = Debug|x64
		{0D29535B-C852-4B05-9598-E4E9BF5E230D}.Debug MX|x64.Build.0 = Debug|x64
		{0D29535B-C852-4B05-9598-E4E9BF5E230D}.Debug MX|x64.Deploy.0 = Debug|x64
		{0D29535B-C852-4B05-9598-E4E9BF5E230D}.Debug MX|x86.ActiveCfg = Debug|Win32
		{0D29535B-C852-4B05-9598-E4E9BF5E230D}.Debug MX|x86.Build.0 = Debug|Win32
		{0D29535B-C852-4B05-9598-E4E9BF5E230D}.Debug MX|x86.Deploy.0 = Debug|Win32
		{0D29535B-C852-4B05-9598-E4E9BF5E230D}.Debug|Win32.ActiveCfg = Debug|Win32
		{0D29535B-C852-4B05-9598-E4E9BF5E230D}.Debug|Win32.Build.0 = Debug|Win32
		{0D29535B-C852-4B05-9598-E4E9BF5E230D}.Debug|Win32.Deploy.0 = Debug|Win32
		{0D29535B-C852-4B05-9598-E4E9BF5E230D}.Debug|x64.ActiveCfg = Debug|x64
		{0D29535B-C852-4B05-9598-E4E9BF5E230D}.Debug|x64.Build.0 = Debug|x64
		{0D29535B-C852-4B05-9598-E4E9BF5E230D}.Debug|x64.Deploy.0 = Debug|x64
		{0D29535B-C852-4B05-9598-E4E9BF5E230D}.Debug|x86.ActiveCfg = Debug|Win32
		{0D29535B-C852-4B05-9598-E4E9BF5E230D}.Debug|x86.Build.0 = Debug|Win32
		{0D29535B-C852-4B05-9598-E4E9BF5E230D}.Debug|x86.Deploy.0 = Debug|Win32
		{0D29535B-C852-4B05-9598-E4E9BF5E230D}.MinSizeRel|Win32.ActiveCfg = Release|Win32
		{0D29535B-C852-4B05-9598-E4E9BF5E230D}.MinSizeRel|Win32.Build.0 = Release|Win32
		{0D29535B-C852-4B05-9598-E4E9BF5E230D}.MinSizeRel|Win32.Deploy.0 = Release|Win32
		{0D29535B-C852-4B05-9598-E4E9BF5E230D}.MinSizeRel|x64.ActiveCfg = Release|x64
		{0D29535B-C852-4B05-9598-E4E9BF5E230D}.MinSizeRel|x64.Build.0 = Release|x64
		{0D29535B-C852-4B05-9598-E4E9BF5E230D}.MinSizeRel|x64.Deploy.0 = Release|x64
		{0D29535B-C852-4B05-9598-E4E9BF5E230D}.MinSizeRel|x86.ActiveCfg = Release|Win32
		{0D29535B-C852-4B05-9598-E4E9BF5E230D}.MinSizeRel|x86.Build.0 = Release|Win32
		{0D29535B-C852-4B05-9598-E4E9BF5E230D}.MinSizeRel|x86.Deploy.0 = Release|Win32
		{0D29535B-C852-4B05-9598-E4E9BF5E230D}.Release MX|Win32.ActiveCfg = Release|Win32
		{0D29535B-C852-4B05-9598-E4E9BF5E230D}.Release MX|Win32.Build.0 = Release|Win32
		{0D29535B-C852-4B05-9598-E4E9BF5E230D}.Release MX|Win32.Deploy.0 = Release|Win32
		{0D29535B-C852-4B05-9598-E4E9BF5E230D}.Release MX|x64.ActiveCfg = Release|x64
		{0D29535B-C852-4B05-9598-E4E9BF5E230D}.Release MX|x64.Build.0 = Release|x64
		{0D29535B-C852-4B05-9598-E4E9BF5E230D}.Release MX|x64.Deploy.0 = Release|x64
		{0D29535B-C852-4B05-9598-E4E9BF5E230D}.Release MX|x86.ActiveCfg = Release|Win32
		{0D29535B-C852-4B05-9598-E4E9BF5E230D}.Release MX|x86.Build.0 = Release|Win32
		{0D29535B-C852-4B05-9598-E4E9BF5E230D}.Release MX|x86.Deploy.0 = Release|Win32
		{0D29535B-C852-4B05-9598-E4E9BF5E230D}.Release|Win32.ActiveCfg = Release|Win32
		{0D29535B-C852-4B05-9598-E4E9BF5E230D}.Release|Win32.Build.0 = Release|Win32
		{0D29535B-C852-4B05-9598-E4E9BF5E230D}.Release|Win32.Deploy.0 = Release|Win32
		{0D29535B-C852-4B05-9598-E4E9BF5E230D}.Release|x64.ActiveCfg = Release|x64
		{0D29535B-C852-4B05-9598-E4E9BF5E230D}.Release|x64.Build.0 = Release|x64
		{0D29535B-C852-4B05-9598-E4E9BF5E230D}.Release|x64.Deploy.0 = Release|x64
		{0D29535B-C852-4B05-9598-E4E9BF5E230D}.Release|x86.ActiveCfg = Release|Win32
		{0D29535B-C852-4B05-9598-E4E9BF5E230D}.Release|x86.Build.0 = Release|Win32
		{0D29535B-C852-4B05-9598-E4E9BF5E230D}.Release|x86.Deploy.0 = Release|Win32
		{0D29535B-C852-4B05-9598-E4E9BF5E230D}.RelWithDebInfo|Win32.ActiveCfg = Release|Win32
		{0D29535B-C852-4B05-9598-E4E9BF5E230D}.RelWithDebInfo|Win32.Build.0 = Release|Win32
		{0D29535B-C852-4B05-9598-E4E9BF5E230D}.RelWithDebInfo|Win32.Deploy.0 = Release|Win32
		{0D29535B-C852-4B05-9598-E4E9BF5E230D}.RelWithDebInfo|x64.ActiveCfg = Release|x64
		{0D29535B-C852-4B05-9598-E4E9BF5E230D}.RelWithDebInfo|x64.Build.0 = Release|x64
		{0D29535B-C852-4B05-9598-E4E9BF5E230D}.RelWithDebInfo|x64.Deploy.0 = Release|x64
		{0D29535B-C852-4B05-9598-E4E9BF5E230D}.RelWithDebInfo|x86.ActiveCfg = Release|Win32
		{0D29535B-C852-4B05-9598-E4E9BF5E230D}.RelWithDebInfo|x86.Build.0 = Release|Win32
		{0D29535B-C852-4B05-9598-E4E9BF5E230D}.RelWithDebInfo|x86.Deploy.0 = Release|Win32
		{D6D938C5-D6E0-42E8-A773-728D3C341AED}.Debug MX|Win32.ActiveCfg = Debug|Win32
		{D6D938C5-D6E0-42E8-A773-728D3C341AED}.Debug MX|Win32.Build.0 = Debug|Win32
		{D6D938C5-D6E0-42E8-A773-728D3C341AED}.Debug MX|x64.ActiveCfg = Debug|x64
		{D6D938C5-D6E0-42E8-A773-728D3C341AED}.Debug MX|x64.Build.0 = Debug|x64
		{D6D938C5-D6E0-42E8-A773-728D3C341AED}.Debug MX|x86.ActiveCfg = Debug|Win32
		{D6D938C5-D6E0-42E8-A773-728D3C341AED}.Debug MX|x86.Build.0 = Debug|Win32
		{D6D938C5-D6E0-42E8-A773-728D3C341AED}.Debug|Win32.ActiveCfg = Debug|Win32
		{D6D938C5-D6E0-42E8-A773-728D3C341AED}.Debug|Win32.Build.0 = Debug|Win32
		{D6D938C5-D6E0-42E8-A773-728D3C341AED}.Debug|x64.ActiveCfg = Debug|x64
		{D6D938C5-D6E0-42E8-A773-728D3C341AED}.Debug|x64.Build.0 = Debug|x64
		{D6D938C5-D6E0-42E8-A773-728D3C341AED}.Debug|x86.ActiveCfg = Debug|Win32
		{D6D938C5-D6E0-42E8-A773-728D3C341AED}.Debug|x86.Build.0 = Debug|Win32
		{D6D938C5-D6E0-42E8-A773-728D3C341AED}.MinSizeRel|Win32.ActiveCfg = Release|Win32
		{D6D938C5-D6E0-42E8-A773-728D3C341AED}.MinSizeRel|Win32.Build.0 = Release|Win32
		{D6D938C5-D6E0-42E8-A773-728D3C341AED}.MinSizeRel|x64.ActiveCfg = Release|x64
		{D6D938C5-D6E0-42E8-A773-728D3C341AED}.MinSizeRel|x64.Build.0 = Release|x64
		{D6D938C5-D6E0-42E8-A773-728D3C341AED}.MinSizeRel|x86.ActiveCfg = Release|Win32
		{D6D938C5-D6E0-42E8-A773-728D3C341AED}.MinSizeRel|x86.Build.0 = Release|Win32
		{D6D938C5-D6E0-42E8-A773-728D3C341AED}.Release MX|Win32.ActiveCfg = Release|Win32
		{D6D938C5-D6E0-42E8-A773-728D3C341AED}.Release MX|Win32.Build.0 = Release|Win32
		{D6D938C5-D6E0-42E8-A773-728D3C341AED}.Release MX|x64.ActiveCfg = Release|x64
		{D6D938C5-D6E0-42E8-A773-728D3C341AED}.Release MX|x64.Build.0 = Release|x64
		{D6D938C5-D6E0-42E8-A773-728D3C341AED}.Release MX|x86.ActiveCfg = Release|Win32
		{D6D938C5-D6E0-42E8-A773-728D3C341AED}.Release MX|x86.Build.0 = Release|Win32
		{D6D938C5-D6E0-42E8-A773-728D3C341AED}.Release|Win32.ActiveCfg = Release|Win32
		{D6D938C5-D6E0-42E8-A773-728D3C341AED}.Release|Win32.Build.0 = Release|Win32
		{D6D938C5-D6E0-42E8-A773-728D3C341AED}.Release|x64.ActiveCfg = Release|x64
		{D6D938C5-D6E0-42E8-A773-728D3C341AED}.Release|x64.Build.0 = Release|x64
		{D6D938C5-D6E0-42E8-A773-728D3C341AED}.Release|x86.ActiveCfg = Release|Win32
		{D6D938C5-D6E0-42E8-A773-728D3C341AED}.Release|x86.Build.0 = Release|Win32
		{D6D938C5-D6E0-42E8-A773-728D3C341AED}.RelWithDebInfo|Win32.ActiveCfg = Release|Win32
		{D6D938C5-D6E0-42E8-A773-728D3C341AED}.RelWithDebInfo|Win32.Build.0 = Release|Win32
		{D6D938C5-D6E0-42E8-A773-728D3C341AED}.RelWithDebInfo|x64.ActiveCfg = Release|x64
		{D6D938C5-D6E0-42E8-A773-728D3C341AED}.RelWithDebInfo|x64.Build.0 = Release|x64
		{D6D938C5-D6E0-42E8-A773-728D3C341AED}.RelWithDebInfo|x86.ActiveCfg = Release|Win32
		{D6D938C5-D6E0-42E8-A773-728D3C341AED}.RelWithDebInfo|x86.Build.0 = Release|Win32
		{B7C3A702-1683-4132-9981-3177573F358C}.Debug MX|Win32.ActiveCfg = Debug|Win32
		{B7C3A702-1683-4132-9981-3177573F358C}.Debug MX|Win32.Build.0 = Debug|Win32
		{B7C3A702-1683-4132-9981-3177573F358C}.Debug MX|x64.ActiveCfg = Debug|x64
		{B7C3A702-1683-4132-9981-3177573F358C}.Debug MX|x64.Build.0 = Debug|x64
		{B7C3A702-1683-4132-9981-3177573F358C}.Debug MX|x86.ActiveCfg = Debug|Win32
		{B7C3A702-1683-4132-9981-3177573F358C}.Debug MX|x86.Build.0 = Debug|Win32
		{B7C3A702-1683-4132-9981-3177573F358C}.Debug|Win32.ActiveCfg = Debug|Win32
		{B7C3A702-1683-4132-9981-3177573F358C}.Debug|Win32.Build.0 = Debug|Win32
		{B7C3A702-1683-4132-9981-3177573F358C}.Debug|x64.ActiveCfg = Debug|x64
		{B7C3A702-1683-4132-9981-3177573F358C}.Debug|x64.Build.0 = Debug|x64
		{B7C3A702-1683-4132-9981-3177573F358C}.Debug|x86.ActiveCfg = Debug|Win32
		{B7C3A702-1683-4132-9981-3177573F358C}.Debug|x86.Build.0 = Debug|Win32
		{B7C3A702-1683-4132-9981-3177573F358C}.MinSizeRel|Win32.ActiveCfg = Release|Win32
		{B7C3A702-1683-4132-9981-3177573F358C}.MinSizeRel|Win32.Build.0 = Release|Win32
		{B7C3A702-1683-4132-9981-3177573F358C}.MinSizeRel|x64.ActiveCfg = Release|x64
		{B7C3A702-1683-4132-9981-3177573F358C}.MinSizeRel|x64.Build.0 = Release|x64
		{B7C3A702-1683-4132-9981-3177573F358C}.MinSizeRel|x86.ActiveCfg = Release|Win32
		{B7C3A702-1683-4132-9981-3177573F358C}.MinSizeRel|x86.Build.0 = Release|Win32
		{B7C3A702-1683-4132-9981-3177573F358C}.Release MX|Win32.ActiveCfg = Release|Win32
		{B7C3A702-1683-4132-9981-3177573F358C}.Release MX|Win32.Build.0 = Release|Win32
		{B7C3A702-1683-4132-9981-3177573F358C}.Release MX|x64.ActiveCfg = Release|x64
		{B7C3A702-1683-4132-9981-3177573F358C}.Release MX|x64.Build.0 = Release|x64
		{B7C3A702-1683-4132-9981-3177573F358C}.Release MX|x86.ActiveCfg = Release|Win32
		{B7C3A702-1683-4132-9981-3177573F358C}.Release MX|x86.Build.0 = Release|Win32
		{B7C3A702-1683-4132-9981-3177573F358C}.Release|Win32.ActiveCfg = Release|Win32
		{B7C3A702-1683-4132-9981-3177573F358C}.Release|Win32.Build.0 = Release|Win32
		{B7C3A702-1683-4132-9981-3177573F358C}.Release|x64.ActiveCfg = Release|x64
		{B7C3A702-1683-4132-9981-3177573F358C}.Release|x64.Build.0 = Release|x64
		{B7C3A702-1683-4132-9981-3177573F358C}.Release|x86.ActiveCfg = Release|Win32
		{B7C3A702-1683-4132-9981-3177573F358C}.Release|x86.Build.0 = Release|Win32
		{B7C3A702-1683-4132-9981-3177573F358C}.RelWithDebInfo|Win32.ActiveCfg = Release|Win32
		{B7C3A702-1683-4132-9981-3177573F358C}.RelWithDebInfo|Win32.Build.0 = Release|Win32
		{B7C3A702-1683-4132-9981-3177573F358C}.RelWithDebInfo|x64.ActiveCfg = Release|x64
		{B7C3A702-1683-4132-9981-3177573F358C}.RelWithDebInfo|x64.Build.0 = Release|x64
		{B7C3A702-1683-4132-9981-3177573F358C}.RelWithDebInfo|x86.ActiveCfg = Release|Win32
		{B7C3A702-1683-4132-9981-3177573F358C}.RelWithDebInfo|x86.Build.0 = Release|Win32
		{048C9E18-E3A5-4063-9730-DDCE3489C5FE}.Debug MX|Win32.ActiveCfg = Debug|Win32
		{048C9E18-E3A5-4063-9730-DDCE3489C5FE}.Debug MX|Win32.Build.0 = Debug|Win32
		{048C9E18-E3A5-4063-9730-DDCE3489C5FE}.Debug MX|x64.ActiveCfg = Debug|x64
		{048C9E18-E3A5-4063-9730-DDCE3489C5FE}.Debug MX|x64.Build.0 = Debug|x64
		{048C9E18-E3A5-4063-9730-DDCE3489C5FE}.Debug MX|x86.ActiveCfg = Debug|Win32
		{048C9E18-E3A5-4063-9730-DDCE3489C5FE}.Debug MX|x86.Build.0 = Debug|Win32
		{048C9E18-E3A5-4063-9730-DDCE3489C5FE}.Debug|Win32.ActiveCfg = Debug|Win32
		{048C9E18-E3A5-4063-9730-DDCE3489C5FE}.Debug|Win32.Build.0 = Debug|Win32
		{048C9E18-E3A5-4063-9730-DDCE3489C5FE}.Debug|x64.ActiveCfg = Debug|x64
		{048C9E18-E3A5-4063-9730-DDCE3489C5FE}.Debug|x64.Build.0 = Debug|x64
		{048C9E18-E3A5-4063-9730-DDCE3489C5FE}.Debug|x86.ActiveCfg = Debug|Win32
		{048C9E18-E3A5-4063-9730-DDCE3489C5FE}.Debug|x86.Build.0 = Debug|Win32
		{048C9E18-E3A5-4063-9730-DDCE3489C5FE}.MinSizeRel|Win32.ActiveCfg = Release|Win32
		{048C9E18-E3A5-4063-9730-DDCE3489C5FE}.MinSizeRel|Win32.Build.0 = Release|Win32
		{048C9E18-E3A5-4063-9730-DDCE3489C5FE}.MinSizeRel|x64.ActiveCfg = Release|x64
		{048C9E18-E3A5-4063-9730-DDCE3489C5FE}.MinSizeRel|x64.Build.0 = Release|x64
		{048C9E18-E3A5-4063-9730-DDCE3489C5FE}.MinSizeRel|x86.ActiveCfg = Release|Win32
		{048C9E18-E3A5-4063-9730-DDCE3489C5FE}.MinSizeRel|x86.Build.0 = Release|Win32
		{048C9E18-E3A5-4063-9730-DDCE3489C5FE}.Release MX|Win32.ActiveCfg = Release|Win32
		{048C9E18-E3A5-4063-9730-DDCE3489C5FE}.Release MX|Win32.Build.0 = Release|Win32
		{048C9E18-E3A5-4063-9730-DDCE3489C5FE}.Release MX|x64.ActiveCfg = Release|x64
		{048C9E18-E3A5-4063-9730-DDCE3489C5FE}.Release MX|x64.Build.0 = Release|x64
		{048C9E18-E3A5-4063-9730-DDCE3489C5FE}.Release MX|x86.ActiveCfg = Release|Win32
		{048C9E18-E3A5-4063-9730-DDCE3489C5FE}.Release MX|x86.Build.0 = Release|Win32
		{048C9E18-E3A5-4063-9730-DDCE3489C5FE}.Release|Win32.ActiveCfg = Release|Win32
		{048C9E18-E3A5-4063-9730-DDCE3489C5FE}.Release|Win32.Build.0 = Release|Win32
		{048C9E18-E3A5-4063-9730-DDCE3489C5FE}.Release|x64.ActiveCfg = Release|x64
		{048C9E18-E3A5-4063-9730-DDCE3489C5FE}.Release|x64.Build.0 = Release|x64
		{048C9E18-E3A5-4063-9730-DDCE3489C5FE}.Release|x86.ActiveCfg = Release|Win32
		{048C9E18-E3A5-4063-9730-DDCE3489C5FE}.Release|x86.Build.0 = Release|Win32
		{048C9E18-E3A5-4063-9730-DDCE3489C5FE}.RelWithDebInfo|Win32.ActiveCfg = Release|Win32
		{048C9E18-E3A5-4063-9730-DDCE3489C5FE}.RelWithDebInfo|Win32.Build.0 = Release|Win32
		{048C9E18-E3A5-4063-9730-DDCE3489C5FE}.RelWithDebInfo|x64.ActiveCfg = Release|x64
		{048C9E18-E3A5-4063-9730-DDCE3489C5FE}.RelWithDebInfo|x64.Build.0 = Release|x64
		{048C9E18-E3A5-4063-9730-DDCE3489C5FE}.RelWithDebInfo|x86.ActiveCfg = Release|Win32
		{048C9E18-E3A5-4063-9730-DDCE3489C5FE}.RelWithDebInfo|x86.Build.0 = Release|Win32
		{E468F548-9F0A-4F57-847F-769A0CDFDE3B}.Debug MX|Win32.ActiveCfg = Debug|Win32
		{E468F548-9F0A-4F57-847F-769A0CDFDE3B}.Debug MX|Win32.Build.0 = Debug|Win32
		{E468F548-9F0A-4F57-847F-769A0CDFDE3B}.Debug MX|x64.ActiveCfg = Debug|x64
		{E468F548-9F0A-4F57-847F-769A0CDFDE3B}.Debug MX|x64.Build.0 = Debug|x64
		{E468F548-9F0A-4F57-847F-769A0CDFDE3B}.Debug MX|x86.ActiveCfg = Debug|Win32
		{E468F548-9F0A-4F57-847F-769A0CDFDE3B}.Debug MX|x86.Build.0 = Debug|Win32
		{E468F548-9F0A-4F57-847F-769A0CDFDE3B}.Debug|Win32.ActiveCfg = Debug|Win32
		{E468F548-9F0A-4F57-847F-769A0CDFDE3B}.Debug|Win32.Build.0 = Debug|Win32
		{E468F548-9F0A-4F57-847F-769A0CDFDE3B}.Debug|x64.ActiveCfg = Debug|x64
		{E468F548-9F0A-4F57-847F-769A0CDFDE3B}.Debug|x64.Build.0 = Debug|x64
		{E468F548-9F0A-4F57-847F-769A0CDFDE3B}.Debug|x86.ActiveCfg = Debug|Win32
		{E468F548-9F0A-4F57-847F-769A0CDFDE3B}.Debug|x86.Build.0 = Debug|Win32
		{E468F548-9F0A-4F57-847F-769A0CDFDE3B}.MinSizeRel|Win32.ActiveCfg = Release|Win32
		{E468F548-9F0A-4F57-847F-769A0CDFDE3B}.MinSizeRel|Win32.Build.0 = Release|Win32
		{E468F548-9F0A-4F57-847F-769A0CDFDE3B}.MinSizeRel|x64.ActiveCfg = Release|x64
		{E468F548-9F0A-4F57-847F-769A0CDFDE3B}.MinSizeRel|x64.Build.0 = Release|x64
		{E468F548-9F0A-4F57-847F-769A0CDFDE3B}.MinSizeRel|x86.ActiveCfg = Release|Win32
		{E468F548-9F0A-4F57-847F-769A0CDFDE3B}.MinSizeRel|x86.Build.0 = Release|Win32
		{E468F548-9F0A-4F57-847F-769A0CDFDE3B}.Release MX|Win32.ActiveCfg = Release|Win32
		{E468F548-9F0A-4F57-847F-769A0CDFDE3B}.Release MX|Win32.Build.0 = Release|Win32
		{E468F548-9F0A-4F57-847F-769A0CDFDE3B}.Release MX|x64.ActiveCfg = Release|x64
		{E468F548-9F0A-4F57-847F-769A0CDFDE3B}.Release MX|x64.Build.0 = Release|x64
		{E468F548-9F0A-4F57-847F-769A0CDFDE3B}.Release MX|x86.ActiveCfg = Release|Win32
		{E468F548-9F0A-4F57-847F-769A0CDFDE3B}.Release MX|x86.Build.0 = Release|Win32
		{E468F548-9F0A-4F57-847F-769A0CDFDE3B}.Release|Win32.ActiveCfg = Release|Win32
		{E468F548-9F0A-4F57-847F-769A0CDFDE3B}.Release|Win32.Build.0 = Release|Win32
		{E468F548-9F0A-4F57-847F-769A0CDFDE3B}.Release|x64.ActiveCfg = Release|x64
		{E468F548-9F0A-4F57-847F-769A0CDFDE3B}.Release|x64.Build.0 = Release|x64
		{E468F548-9F0A-4F57-847F-769A0CDFDE3B}.Release|x86.ActiveCfg = Release|Win32
		{E468F548-9F0A-4F57-847F-769A0CDFDE3B}.Release|x86.Build.0 = Release|Win32
		{E468F548-9F0A-4F57-847F-769A0CDFDE3B}.RelWithDebInfo|Win32.ActiveCfg = Release|Win32
		{E468F548-9F0A-4F57-847F-769A0CDFDE3B}.RelWithDebInfo|Win32.Build.0 = Release|Win32
		{E468F548-9F0A-4F57-847F-769A0CDFDE3B}.RelWithDebInfo|x64.ActiveCfg = Release|x64
		{E468F548-9F0A-4F57-847F-769A0CDFDE3B}.RelWithDebInfo|x64.Build.0 = Release|x64
		{E468F548-9F0A-4F57-847F-769A0CDFDE3B}.RelWithDebInfo|x86.ActiveCfg = Release|Win32
		{E468F548-9F0A-4F57-847F-769A0CDFDE3B}.RelWithDebInfo|x86.Build.0 = Release|Win32
		{03CDBE65-32CC-4CFD-9229-98BBB7C7B9F4}.Debug MX|Win32.ActiveCfg = Debug|Win32
		{03CDBE65-32CC-4CFD-9229-98BBB7C7B9F4}.Debug MX|Win32.Build.0 = Debug|Win32
		{03CDBE65-32CC-4CFD-9229-98BBB7C7B9F4}.Debug MX|x64.ActiveCfg = Debug|x64
		{03CDBE65-32CC-4CFD-9229-98BBB7C7B9F4}.Debug MX|x64.Build.0 = Debug|x64
		{03CDBE65-32CC-4CFD-9229-98BBB7C7B9F4}.Debug MX|x86.ActiveCfg = Debug|Win32
		{03CDBE65-32CC-4CFD-9229-98BBB7C7B9F4}.Debug MX|x86.Build.0 = Debug|Win32
		{03CDBE65-32CC-4CFD-9229-98BBB7C7B9F4}.Debug|Win32.ActiveCfg = Debug|Win32
		{03CDBE65-32CC-4CFD-9229-98BBB7C7B9F4}.Debug|Win32.Build.0 = Debug|Win32
		{03CDBE65-32CC-4CFD-9229-98BBB7C7B9F4}.Debug|x64.ActiveCfg = Debug|x64
		{03CDBE65-32CC-4CFD-9229-98BBB7C7B9F4}.Debug|x64.Build.0 = Debug|x64
		{03CDBE65-32CC-4CFD-9229-98BBB7C7B9F4}.Debug|x86.ActiveCfg = Debug|Win32
		{03CDBE65-32CC-4CFD-9229-98BBB7C7B9F4}.Debug|x86.Build.0 = Debug|Win32
		{03CDBE65-32CC-4CFD-9229-98BBB7C7B9F4}.MinSizeRel|Win32.ActiveCfg = Release|Win32
		{03CDBE65-32CC-4CFD-9229-98BBB7C7B9F4}.MinSizeRel|Win32.Build.0 = Release|Win32
		{03CDBE65-32CC-4CFD-9229-98BBB7C7B9F4}.MinSizeRel|x64.ActiveCfg = Release|x64
		{03CDBE65-32CC-4CFD-9229-98BBB7C7B9F4}.MinSizeRel|x64.Build.0 = Release|x64
		{03CDBE65-32CC-4CFD-9229-98BBB7C7B9F4}.MinSizeRel|x86.ActiveCfg = Release|Win32
		{03CDBE65-32CC-4CFD-9229-98BBB7C7B9F4}.MinSizeRel|x86.Build.0 = Release|Win32
		{03CDBE65-32CC-4CFD-9229-98BBB7C7B9F4}.Release MX|Win32.ActiveCfg = Release|Win32
		{03CDBE65-32CC-4CFD-9229-98BBB7C7B9F4}.Release MX|Win32.Build.0 = Release|Win32
		{03CDBE65-32CC-4CFD-9229-98BBB7C7B9F4}.Release MX|x64.ActiveCfg = Release|x64
		{03CDBE65-32CC-4CFD-9229-98BBB7C7B9F4}.Release MX|x64.Build.0 = Release|x64
		{03CDBE65-32CC-4CFD-9229-98BBB7C7B9F4}.Release MX|x86.ActiveCfg = Release|Win32
		{03CDBE65-32CC-4CFD-9229-98BBB7C7B9F4}.Release MX|x86.Build.0 = Release|Win32
		{03CDBE65-32CC-4CFD-9229-98BBB7C7B9F4}.Release|Win32.ActiveCfg = Release|Win32
		{03CDBE65-32CC-4CFD-9229-98BBB7C7B9F4}.Release|Win32.Build.0 = Release|Win32
		{03CDBE65-32CC-4CFD-9229-98BBB7C7B9F4}.Release|x64.ActiveCfg = Release|x64
		{03CDBE65-32CC-4CFD-9229-98BBB7C7B9F4}.Release|x64.Build.0 = Release|x64
		{03CDBE65-32CC-4CFD-9229-98BBB7C7B9F4}.Release|x86.ActiveCfg = Release|Win32
		{03CDBE65-32CC-4CFD-9229-98BBB7C7B9F4}.Release|x86.Build.0 = Release|Win32
		{03CDBE65-32CC-4CFD-9229-98BBB7C7B9F4}.RelWithDebInfo|Win32.ActiveCfg = Release|Win32
		{03CDBE65-32CC-4CFD-9229-98BBB7C7B9F4}.RelWithDebInfo|Win32.Build.0 = Release|Win32
		{03CDBE65-32CC-4CFD-9229-98BBB7C7B9F4}.RelWithDebInfo|x64.ActiveCfg = Release|x64
		{03CDBE65-32CC-4CFD-9229-98BBB7C7B9F4}.RelWithDebInfo|x64.Build.0 = Release|x64
		{03CDBE65-32CC-4CFD-9229-98BBB7C7B9F4}.RelWithDebInfo|x86.ActiveCfg = Release|Win32
		{03CDBE65-32CC-4CFD-9229-98BBB7C7B9F4}.RelWithDebInfo|x86.Build.0 = Release|Win32
		{27B698F7-2A58-427D-94D9-4759E059409E}.Debug MX|Win32.ActiveCfg = Debug|Win32
		{27B698F7-2A58-427D-94D9-4759E059409E}.Debug MX|Win32.Build.0 = Debug|Win32
		{27B698F7-2A58-427D-94D9-4759E059409E}.Debug MX|x64.ActiveCfg = Debug|x64
		{27B698F7-2A58-427D-94D9-4759E059409E}.Debug MX|x64.Build.0 = Debug|x64
		{27B698F7-2A58-427D-94D9-4759E059409E}.Debug MX|x86.ActiveCfg = Debug|Win32
		{27B698F7-2A58-427D-94D9-4759E059409E}.Debug MX|x86.Build.0 = Debug|Win32
		{27B698F7-2A58-427D-94D9-4759E059409E}.Debug|Win32.ActiveCfg = Debug|Win32
		{27B698F7-2A58-427D-94D9-4759E059409E}.Debug|Win32.Build.0 = Debug|Win32
		{27B698F7-2A58-427D-94D9-4759E059409E}.Debug|x64.ActiveCfg = Debug|x64
		{27B698F7-2A58-427D-94D9-4759E059409E}.Debug|x64.Build.0 = Debug|x64
		{27B698F7-2A58-427D-94D9-4759E059409E}.Debug|x86.ActiveCfg = Debug|Win32
		{27B698F7-2A58-427D-94D9-4759E059409E}.Debug|x86.Build.0 = Debug|Win32
		{27B698F7-2A58-427D-94D9-4759E059409E}.MinSizeRel|Win32.ActiveCfg = Release|Win32
		{27B698F7-2A58-427D-94D9-4759E059409E}.MinSizeRel|Win32.Build.0 = Release|Win32
		{27B698F7-2A58-427D-94D9-4759E059409E}.MinSizeRel|x64.ActiveCfg = Release|x64
		{27B698F7-2A58-427D-94D9-4759E059409E}.MinSizeRel|x64.Build.0 = Release|x64
		{27B698F7-2A58-427D-94D9-4759E059409E}.MinSizeRel|x86.ActiveCfg = Release|Win32
		{27B698F7-2A58-427D-94D9-4759E059409E}.MinSizeRel|x86.Build.0 = Release|Win32
		{27B698F7-2A58-427D-94D9-4759E059409E}.Release MX|Win32.ActiveCfg = Release|Win32
		{27B698F7-2A58-427D-94D9-4759E059409E}.Release MX|Win32.Build.0 = Release|Win32
		{27B698F7-2A58-427D-94D9-4759E059409E}.Release MX|x64.ActiveCfg = Release|x64
		{27B698F7-2A58-427D-94D9-4759E059409E}.Release MX|x64.Build.0 = Release|x64
		{27B698F7-2A58-427D-94D9-4759E059409E}.Release MX|x86.ActiveCfg = Release|Win32
		{27B698F7-2A58-427D-94D9-4759E059409E}.Release MX|x86.Build.0 = Release|Win32
		{27B698F7-2A58-427D-94D9-4759E059409E}.Release|Win32.ActiveCfg = Release|Win32
		{27B698F7-2A58-427D-94D9-4759E059409E}.Release|Win32.Build.0 = Release|Win32
		{27B698F7-2A58-427D-94D9-4759E059409E}.Release|x64.ActiveCfg = Release|x64
		{27B698F7-2A58-427D-94D9-4759E059409E}.Release|x64.Build.0 = Release|x64
		{27B698F7-2A58-427D-94D9-4759E059409E}.Release|x86.ActiveCfg = Release|Win32
		{27B698F7-2A58-427D-94D9-4759E059409E}.Release|x86.Build.0 = Release|Win32
		{27B698F7-2A58-427D-94D9-4759E059409E}.RelWithDebInfo|Win32.ActiveCfg = Release|Win32
		{27B698F7-2A58-427D-94D9-4759E059409E}.RelWithDebInfo|Win32.Build.0 = Release|Win32
		{27B698F7-2A58-427D-94D9-4759E059409E}.RelWithDebInfo|x64.ActiveCfg = Release|x64
		{27B698F7-2A58-427D-94D9-4759E059409E}.RelWithDebInfo|x64.Build.0 = Release|x64
		{27B698F7-2A58-427D-94D9-4759E059409E}.RelWithDebInfo|x86.ActiveCfg = Release|Win32
		{27B698F7-2A58-427D-94D9-4759E059409E}.RelWithDebInfo|x86.Build.0 = Release|Win32
	EndGlobalSection
	GlobalSection(SolutionProperties) = preSolution
		HideSolutionNode = FALSE
	EndGlobalSection
EndGlobal
